{
  "name": "ts-test",
  "version": "1.0.0",
  "lockfileVersion": 2,
  "requires": true,
  "packages": {
    "": {
      "name": "ts-test",
      "version": "1.0.0",
      "license": "ISC",
      "dependencies": {
        "@stoxy/core": "file:../../lib/core"
      }
    },
    "../../lib/core": {
      "version": "0.4.12",
      "license": "ISC"
    },
    "node_modules/@stoxy/core": {
      "resolved": "../../lib/core",
      "link": true
    }
  },
  "dependencies": {
    "@stoxy/core": {
      "version": "file:../../lib/core"
    }
  }
}
