{
  "name": "@stoxy/string",
  "version": "0.3.0-test",
  "lockfileVersion": 2,
  "requires": true,
  "packages": {
    "": {
      "name": "@stoxy/string",
      "version": "0.3.0-test",
      "license": "ISC",
      "dependencies": {
        "@stoxy/core": "^0.3.0-test",
        "@stoxy/element-base": "^0.3.0-test"
      }
    },
    "node_modules/@stoxy/core": {
      "version": "0.3.0-test",
      "resolved": "https://registry.npmjs.org/@stoxy/core/-/core-0.3.0-test.tgz",
      "integrity": "sha512-nuzJffue5Lew0TJ0Bsy1XEvzWs2k40Fj1kjNiKkjipcBUZusVf9Y0ggzabshKrniy/tQcQiiJwbDxZ+oTuQsxg=="
    },
    "node_modules/@stoxy/element-base": {
      "version": "0.3.0-test",
      "resolved": "https://registry.npmjs.org/@stoxy/element-base/-/element-base-0.3.0-test.tgz",
      "integrity": "sha512-wld5XXInWC9KoxEZKiBNJ5yIXx0al9CFCzOtiTeLWkOjyDINMiEiPsFhRrRyHiJJ9lC5MOvZiGsLOUXvAz0+qQ=="
    }
  },
  "dependencies": {
    "@stoxy/core": {
      "version": "0.3.0-test",
      "resolved": "https://registry.npmjs.org/@stoxy/core/-/core-0.3.0-test.tgz",
      "integrity": "sha512-nuzJffue5Lew0TJ0Bsy1XEvzWs2k40Fj1kjNiKkjipcBUZusVf9Y0ggzabshKrniy/tQcQiiJwbDxZ+oTuQsxg=="
    },
    "@stoxy/element-base": {
      "version": "0.3.0-test",
      "resolved": "https://registry.npmjs.org/@stoxy/element-base/-/element-base-0.3.0-test.tgz",
      "integrity": "sha512-wld5XXInWC9KoxEZKiBNJ5yIXx0al9CFCzOtiTeLWkOjyDINMiEiPsFhRrRyHiJJ9lC5MOvZiGsLOUXvAz0+qQ=="
    }
  }
}
